
Microsoft Visual Studio Solution File, Format Version 12.00
# Visual Studio Express 2013 for Windows Desktop
VisualStudioVersion = 12.0.20617.1 PREVIEW
MinimumVisualStudioVersion = 10.0.40219.1
Project("{8BC9CEB8-8B4A-11D0-8D11-00A0C91BC942}") = "ConsoleApplication1", "ConsoleApplication1\ConsoleApplication1.vcxproj", "{3FF6E17F-9DAF-4496-8EA7-F15B16802F2F}"
EndProject
Global
	GlobalSection(SolutionConfigurationPlatforms) = preSolution
		Debug|Win32 = Debug|Win32
		Release|Win32 = Release|Win32
	EndGlobalSection
	GlobalSection(ProjectConfigurationPlatforms) = postSolution
		{3FF6E17F-9DAF-4496-8EA7-F15B16802F2F}.Debug|Win32.ActiveCfg = Debug|Win32
		{3FF6E17F-9DAF-4496-8EA7-F15B16802F2F}.Debug|Win32.Build.0 = Debug|Win32
		{3FF6E17F-9DAF-4496-8EA7-F15B16802F2F}.Release|Win32.ActiveCfg = Release|Win32
		{3FF6E17F-9DAF-4496-8EA7-F15B16802F2F}.Release|Win32.Build.0 = Release|Win32
	EndGlobalSection
	GlobalSection(SolutionProperties) = preSolution
		HideSolutionNode = FALSE
	EndGlobalSection
EndGlobal
